// !$*UTF8*$!
{
	archiveVersion = 1;
	classes = {
	};
	objectVersion = 77;
	objects = {

/* Begin PBXContainerItemProxy section */
		4F5EE31E2CB4EB24005F8DA2 /* PBXContainerItemProxy */ = {
			isa = PBXContainerItemProxy;
			containerPortal = 4F5EE3052CB4EB22005F8DA2 /* Project object */;
			proxyType = 1;
			remoteGlobalIDString = 4F5EE30C2CB4EB22005F8DA2;
			remoteInfo = CloneSpotify;
		};
		4F5EE3282CB4EB24005F8DA2 /* PBXContainerItemProxy */ = {
			isa = PBXContainerItemProxy;
			containerPortal = 4F5EE3052CB4EB22005F8DA2 /* Project object */;
			proxyType = 1;
			remoteGlobalIDString = 4F5EE30C2CB4EB22005F8DA2;
			remoteInfo = CloneSpotify;
		};
/* End PBXContainerItemProxy section */

/* Begin PBXFileReference section */
		4F5EE30D2CB4EB22005F8DA2 /* CloneSpotify.app */ = {isa = PBXFileReference; explicitFileType = wrapper.application; includeInIndex = 0; path = CloneSpotify.app; sourceTree = BUILT_PRODUCTS_DIR; };
		4F5EE31D2CB4EB24005F8DA2 /* CloneSpotifyTests.xctest */ = {isa = PBXFileReference; explicitFileType = wrapper.cfbundle; includeInIndex = 0; path = CloneSpotifyTests.xctest; sourceTree = BUILT_PRODUCTS_DIR; };
		4F5EE3272CB4EB24005F8DA2 /* CloneSpotifyUITests.xctest */ = {isa = PBXFileReference; explicitFileType = wrapper.cfbundle; includeInIndex = 0; path = CloneSpotifyUITests.xctest; sourceTree = BUILT_PRODUCTS_DIR; };
/* End PBXFileReference section */

/* Begin PBXFileSystemSynchronizedBuildFileExceptionSet section */
		4F5EE3492CB50598005F8DA2 /* Exceptions for "CloneSpotify" folder in "CloneSpotify" target */ = {
			isa = PBXFileSystemSynchronizedBuildFileExceptionSet;
			membershipExceptions = (
				Info.plist,
			);
			target = 4F5EE30C2CB4EB22005F8DA2 /* CloneSpotify */;
		};
/* End PBXFileSystemSynchronizedBuildFileExceptionSet section */

/* Begin PBXFileSystemSynchronizedRootGroup section */
		4F5EE30F2CB4EB22005F8DA2 /* CloneSpotify */ = {
			isa = PBXFileSystemSynchronizedRootGroup;
			exceptions = (
				4F5EE3492CB50598005F8DA2 /* Exceptions for "CloneSpotify" folder in "CloneSpotify" target */,
			);
			path = CloneSpotify;
			sourceTree = "<group>";
		};
		4F5EE3202CB4EB24005F8DA2 /* CloneSpotifyTests */ = {
			isa = PBXFileSystemSynchronizedRootGroup;
			path = CloneSpotifyTests;
			sourceTree = "<group>";
		};
		4F5EE32A2CB4EB24005F8DA2 /* CloneSpotifyUITests */ = {
			isa = PBXFileSystemSynchronizedRootGroup;
			path = CloneSpotifyUITests;
			sourceTree = "<group>";
		};
/* End PBXFileSystemSynchronizedRootGroup section */

/* Begin PBXFrameworksBuildPhase section */
		4F5EE30A2CB4EB22005F8DA2 /* Frameworks */ = {
			isa = PBXFrameworksBuildPhase;
			buildActionMask = 2147483647;
			files = (
			);
			runOnlyForDeploymentPostprocessing = 0;
		};
		4F5EE31A2CB4EB24005F8DA2 /* Frameworks */ = {
			isa = PBXFrameworksBuildPhase;
			buildActionMask = 2147483647;
			files = (
			);
			runOnlyForDeploymentPostprocessing = 0;
		};
		4F5EE3242CB4EB24005F8DA2 /* Frameworks */ = {
			isa = PBXFrameworksBuildPhase;
			buildActionMask = 2147483647;
			files = (
			);
			runOnlyForDeploymentPostprocessing = 0;
		};
/* End PBXFrameworksBuildPhase section */

/* Begin PBXGroup section */
		4F5EE3042CB4EB22005F8DA2 = {
			isa = PBXGroup;
			children = (
				4F5EE30F2CB4EB22005F8DA2 /* CloneSpotify */,
				4F5EE3202CB4EB24005F8DA2 /* CloneSpotifyTests */,
				4F5EE32A2CB4EB24005F8DA2 /* CloneSpotifyUITests */,
				4F5EE30E2CB4EB22005F8DA2 /* Products */,
			);
			sourceTree = "<group>";
		};
		4F5EE30E2CB4EB22005F8DA2 /* Products */ = {
			isa = PBXGroup;
			children = (
				4F5EE30D2CB4EB22005F8DA2 /* CloneSpotify.app */,
				4F5EE31D2CB4EB24005F8DA2 /* CloneSpotifyTests.xctest */,
				4F5EE3272CB4EB24005F8DA2 /* CloneSpotifyUITests.xctest */,
			);
			name = Products;
			sourceTree = "<group>";
		};
/* End PBXGroup section */

/* Begin PBXNativeTarget section */
		4F5EE30C2CB4EB22005F8DA2 /* CloneSpotify */ = {
			isa = PBXNativeTarget;
			buildConfigurationList = 4F5EE3312CB4EB24005F8DA2 /* Build configuration list for PBXNativeTarget "CloneSpotify" */;
			buildPhases = (
				4F5EE3092CB4EB22005F8DA2 /* Sources */,
				4F5EE30A2CB4EB22005F8DA2 /* Frameworks */,
				4F5EE30B2CB4EB22005F8DA2 /* Resources */,
			);
			buildRules = (
			);
			dependencies = (
			);
			fileSystemSynchronizedGroups = (
				4F5EE30F2CB4EB22005F8DA2 /* CloneSpotify */,
			);
			name = CloneSpotify;
			packageProductDependencies = (
			);
			productName = CloneSpotify;
			productReference = 4F5EE30D2CB4EB22005F8DA2 /* CloneSpotify.app */;
			productType = "com.apple.product-type.application";
		};
		4F5EE31C2CB4EB24005F8DA2 /* CloneSpotifyTests */ = {
			isa = PBXNativeTarget;
			buildConfigurationList = 4F5EE3342CB4EB24005F8DA2 /* Build configuration list for PBXNativeTarget "CloneSpotifyTests" */;
			buildPhases = (
				4F5EE3192CB4EB24005F8DA2 /* Sources */,
				4F5EE31A2CB4EB24005F8DA2 /* Frameworks */,
				4F5EE31B2CB4EB24005F8DA2 /* Resources */,
			);
			buildRules = (
			);
			dependencies = (
				4F5EE31F2CB4EB24005F8DA2 /* PBXTargetDependency */,
			);
			fileSystemSynchronizedGroups = (
				4F5EE3202CB4EB24005F8DA2 /* CloneSpotifyTests */,
			);
			name = CloneSpotifyTests;
			packageProductDependencies = (
			);
			productName = CloneSpotifyTests;
			productReference = 4F5EE31D2CB4EB24005F8DA2 /* CloneSpotifyTests.xctest */;
			productType = "com.apple.product-type.bundle.unit-test";
		};
		4F5EE3262CB4EB24005F8DA2 /* CloneSpotifyUITests */ = {
			isa = PBXNativeTarget;
			buildConfigurationList = 4F5EE3372CB4EB24005F8DA2 /* Build configuration list for PBXNativeTarget "CloneSpotifyUITests" */;
			buildPhases = (
				4F5EE3232CB4EB24005F8DA2 /* Sources */,
				4F5EE3242CB4EB24005F8DA2 /* Frameworks */,
				4F5EE3252CB4EB24005F8DA2 /* Resources */,
			);
			buildRules = (
			);
			dependencies = (
				4F5EE3292CB4EB24005F8DA2 /* PBXTargetDependency */,
			);
			fileSystemSynchronizedGroups = (
				4F5EE32A2CB4EB24005F8DA2 /* CloneSpotifyUITests */,
			);
			name = CloneSpotifyUITests;
			packageProductDependencies = (
			);
			productName = CloneSpotifyUITests;
			productReference = 4F5EE3272CB4EB24005F8DA2 /* CloneSpotifyUITests.xctest */;
			productType = "com.apple.product-type.bundle.ui-testing";
		};
/* End PBXNativeTarget section */

/* Begin PBXProject section */
		4F5EE3052CB4EB22005F8DA2 /* Project object */ = {
			isa = PBXProject;
			attributes = {
				BuildIndependentTargetsInParallel = 1;
				LastSwiftUpdateCheck = 1600;
				LastUpgradeCheck = 1600;
				TargetAttributes = {
					4F5EE30C2CB4EB22005F8DA2 = {
						CreatedOnToolsVersion = 16.0;
					};
					4F5EE31C2CB4EB24005F8DA2 = {
						CreatedOnToolsVersion = 16.0;
						TestTargetID = 4F5EE30C2CB4EB22005F8DA2;
					};
					4F5EE3262CB4EB24005F8DA2 = {
						CreatedOnToolsVersion = 16.0;
						TestTargetID = 4F5EE30C2CB4EB22005F8DA2;
					};
				};
			};
			buildConfigurationList = 4F5EE3082CB4EB22005F8DA2 /* Build configuration list for PBXProject "CloneSpotify" */;
			developmentRegion = en;
			hasScannedForEncodings = 0;
			knownRegions = (
				en,
				Base,
			);
			mainGroup = 4F5EE3042CB4EB22005F8DA2;
			minimizedProjectReferenceProxies = 1;
			preferredProjectObjectVersion = 77;
			productRefGroup = 4F5EE30E2CB4EB22005F8DA2 /* Products */;
			projectDirPath = "";
			projectRoot = "";
			targets = (
				4F5EE30C2CB4EB22005F8DA2 /* CloneSpotify */,
				4F5EE31C2CB4EB24005F8DA2 /* CloneSpotifyTests */,
				4F5EE3262CB4EB24005F8DA2 /* CloneSpotifyUITests */,
			);
		};
/* End PBXProject section */

/* Begin PBXResourcesBuildPhase section */
		4F5EE30B2CB4EB22005F8DA2 /* Resources */ = {
			isa = PBXResourcesBuildPhase;
			buildActionMask = 2147483647;
			files = (
			);
			runOnlyForDeploymentPostprocessing = 0;
		};
		4F5EE31B2CB4EB24005F8DA2 /* Resources */ = {
			isa = PBXResourcesBuildPhase;
			buildActionMask = 2147483647;
			files = (
			);
			runOnlyForDeploymentPostprocessing = 0;
		};
		4F5EE3252CB4EB24005F8DA2 /* Resources */ = {
			isa = PBXResourcesBuildPhase;
			buildActionMask = 2147483647;
			files = (
			);
			runOnlyForDeploymentPostprocessing = 0;
		};
/* End PBXResourcesBuildPhase section */

/* Begin PBXSourcesBuildPhase section */
		4F5EE3092CB4EB22005F8DA2 /* Sources */ = {
			isa = PBXSourcesBuildPhase;
			buildActionMask = 2147483647;
			files = (
			);
			runOnlyForDeploymentPostprocessing = 0;
		};
		4F5EE3192CB4EB24005F8DA2 /* Sources */ = {
			isa = PBXSourcesBuildPhase;
			buildActionMask = 2147483647;
			files = (
			);
			runOnlyForDeploymentPostprocessing = 0;
		};
		4F5EE3232CB4EB24005F8DA2 /* Sources */ = {
			isa = PBXSourcesBuildPhase;
			buildActionMask = 2147483647;
			files = (
			);
			runOnlyForDeploymentPostprocessing = 0;
		};
/* End PBXSourcesBuildPhase section */

/* Begin PBXTargetDependency section */
		4F5EE31F2CB4EB24005F8DA2 /* PBXTargetDependency */ = {
			isa = PBXTargetDependency;
			target = 4F5EE30C2CB4EB22005F8DA2 /* CloneSpotify */;
			targetProxy = 4F5EE31E2CB4EB24005F8DA2 /* PBXContainerItemProxy */;
		};
		4F5EE3292CB4EB24005F8DA2 /* PBXTargetDependency */ = {
			isa = PBXTargetDependency;
			target = 4F5EE30C2CB4EB22005F8DA2 /* CloneSpotify */;
			targetProxy = 4F5EE3282CB4EB24005F8DA2 /* PBXContainerItemProxy */;
		};
/* End PBXTargetDependency section */

/* Begin XCBuildConfiguration section */
		4F5EE32F2CB4EB24005F8DA2 /* Debug */ = {
			isa = XCBuildConfiguration;
			buildSettings = {
				ALWAYS_SEARCH_USER_PATHS = NO;
				ASSETCATALOG_COMPILER_GENERATE_SWIFT_ASSET_SYMBOL_EXTENSIONS = YES;
				CLANG_ANALYZER_NONNULL = YES;
				CLANG_ANALYZER_NUMBER_OBJECT_CONVERSION = YES_AGGRESSIVE;
				CLANG_CXX_LANGUAGE_STANDARD = "gnu++20";
				CLANG_ENABLE_MODULES = YES;
				CLANG_ENABLE_OBJC_ARC = YES;
				CLANG_ENABLE_OBJC_WEAK = YES;
				CLANG_WARN_BLOCK_CAPTURE_AUTORELEASING = YES;
				CLANG_WARN_BOOL_CONVERSION = YES;
				CLANG_WARN_COMMA = YES;
				CLANG_WARN_CONSTANT_CONVERSION = YES;
				CLANG_WARN_DEPRECATED_OBJC_IMPLEMENTATIONS = YES;
				CLANG_WARN_DIRECT_OBJC_ISA_USAGE = YES_ERROR;
				CLANG_WARN_DOCUMENTATION_COMMENTS = YES;
				CLANG_WARN_EMPTY_BODY = YES;
				CLANG_WARN_ENUM_CONVERSION = YES;
				CLANG_WARN_INFINITE_RECURSION = YES;
				CLANG_WARN_INT_CONVERSION = YES;
				CLANG_WARN_NON_LITERAL_NULL_CONVERSION = YES;
				CLANG_WARN_OBJC_IMPLICIT_RETAIN_SELF = YES;
				CLANG_WARN_OBJC_LITERAL_CONVERSION = YES;
				CLANG_WARN_OBJC_ROOT_CLASS = YES_ERROR;
				CLANG_WARN_QUOTED_INCLUDE_IN_FRAMEWORK_HEADER = YES;
				CLANG_WARN_RANGE_LOOP_ANALYSIS = YES;
				CLANG_WARN_STRICT_PROTOTYPES = YES;
				CLANG_WARN_SUSPICIOUS_MOVE = YES;
				CLANG_WARN_UNGUARDED_AVAILABILITY = YES_AGGRESSIVE;
				CLANG_WARN_UNREACHABLE_CODE = YES;
				CLANG_WARN__DUPLICATE_METHOD_MATCH = YES;
				COPY_PHASE_STRIP = NO;
				DEBUG_INFORMATION_FORMAT = dwarf;
				ENABLE_STRICT_OBJC_MSGSEND = YES;
				ENABLE_TESTABILITY = YES;
				ENABLE_USER_SCRIPT_SANDBOXING = YES;
				GCC_C_LANGUAGE_STANDARD = gnu17;
				GCC_DYNAMIC_NO_PIC = NO;
				GCC_NO_COMMON_BLOCKS = YES;
				GCC_OPTIMIZATION_LEVEL = 0;
				GCC_PREPROCESSOR_DEFINITIONS = (
					"DEBUG=1",
					"$(inherited)",
				);
				GCC_WARN_64_TO_32_BIT_CONVERSION = YES;
				GCC_WARN_ABOUT_RETURN_TYPE = YES_ERROR;
				GCC_WARN_UNDECLARED_SELECTOR = YES;
				GCC_WARN_UNINITIALIZED_AUTOS = YES_AGGRESSIVE;
				GCC_WARN_UNUSED_FUNCTION = YES;
				GCC_WARN_UNUSED_VARIABLE = YES;
				IPHONEOS_DEPLOYMENT_TARGET = 18.0;
				LOCALIZATION_PREFERS_STRING_CATALOGS = YES;
				MTL_ENABLE_DEBUG_INFO = INCLUDE_SOURCE;
				MTL_FAST_MATH = YES;
				ONLY_ACTIVE_ARCH = YES;
				SDKROOT = iphoneos;
				SWIFT_ACTIVE_COMPILATION_CONDITIONS = "DEBUG $(inherited)";
				SWIFT_OPTIMIZATION_LEVEL = "-Onone";
			};
			name = Debug;
		};
		4F5EE3302CB4EB24005F8DA2 /* Release */ = {
			isa = XCBuildConfiguration;
			buildSettings = {
				ALWAYS_SEARCH_USER_PATHS = NO;
				ASSETCATALOG_COMPILER_GENERATE_SWIFT_ASSET_SYMBOL_EXTENSIONS = YES;
				CLANG_ANALYZER_NONNULL = YES;
				CLANG_ANALYZER_NUMBER_OBJECT_CONVERSION = YES_AGGRESSIVE;
				CLANG_CXX_LANGUAGE_STANDARD = "gnu++20";
				CLANG_ENABLE_MODULES = YES;
				CLANG_ENABLE_OBJC_ARC = YES;
				CLANG_ENABLE_OBJC_WEAK = YES;
				CLANG_WARN_BLOCK_CAPTURE_AUTORELEASING = YES;
				CLANG_WARN_BOOL_CONVERSION = YES;
				CLANG_WARN_COMMA = YES;
				CLANG_WARN_CONSTANT_CONVERSION = YES;
				CLANG_WARN_DEPRECATED_OBJC_IMPLEMENTATIONS = YES;
				CLANG_WARN_DIRECT_OBJC_ISA_USAGE = YES_ERROR;
				CLANG_WARN_DOCUMENTATION_COMMENTS = YES;
				CLANG_WARN_EMPTY_BODY = YES;
				CLANG_WARN_ENUM_CONVERSION = YES;
				CLANG_WARN_INFINITE_RECURSION = YES;
				CLANG_WARN_INT_CONVERSION = YES;
				CLANG_WARN_NON_LITERAL_NULL_CONVERSION = YES;
				CLANG_WARN_OBJC_IMPLICIT_RETAIN_SELF = YES;
				CLANG_WARN_OBJC_LITERAL_CONVERSION = YES;
				CLANG_WARN_OBJC_ROOT_CLASS = YES_ERROR;
				CLANG_WARN_QUOTED_INCLUDE_IN_FRAMEWORK_HEADER = YES;
				CLANG_WARN_RANGE_LOOP_ANALYSIS = YES;
				CLANG_WARN_STRICT_PROTOTYPES = YES;
				CLANG_WARN_SUSPICIOUS_MOVE = YES;
				CLANG_WARN_UNGUARDED_AVAILABILITY = YES_AGGRESSIVE;
				CLANG_WARN_UNREACHABLE_CODE = YES;
				CLANG_WARN__DUPLICATE_METHOD_MATCH = YES;
				COPY_PHASE_STRIP = NO;
				DEBUG_INFORMATION_FORMAT = "dwarf-with-dsym";
				ENABLE_NS_ASSERTIONS = NO;
				ENABLE_STRICT_OBJC_MSGSEND = YES;
				ENABLE_USER_SCRIPT_SANDBOXING = YES;
				GCC_C_LANGUAGE_STANDARD = gnu17;
				GCC_NO_COMMON_BLOCKS = YES;
				GCC_WARN_64_TO_32_BIT_CONVERSION = YES;
				GCC_WARN_ABOUT_RETURN_TYPE = YES_ERROR;
				GCC_WARN_UNDECLARED_SELECTOR = YES;
				GCC_WARN_UNINITIALIZED_AUTOS = YES_AGGRESSIVE;
				GCC_WARN_UNUSED_FUNCTION = YES;
				GCC_WARN_UNUSED_VARIABLE = YES;
				IPHONEOS_DEPLOYMENT_TARGET = 18.0;
				LOCALIZATION_PREFERS_STRING_CATALOGS = YES;
				MTL_ENABLE_DEBUG_INFO = NO;
				MTL_FAST_MATH = YES;
				SDKROOT = iphoneos;
				SWIFT_COMPILATION_MODE = wholemodule;
				VALIDATE_PRODUCT = YES;
			};
			name = Release;
		};
		4F5EE3322CB4EB24005F8DA2 /* Debug */ = {
			isa = XCBuildConfiguration;
			buildSettings = {
				ASSETCATALOG_COMPILER_APPICON_NAME = AppIcon;
				ASSETCATALOG_COMPILER_GLOBAL_ACCENT_COLOR_NAME = AccentColor;
				CODE_SIGN_STYLE = Automatic;
				CURRENT_PROJECT_VERSION = 1;
				DEVELOPMENT_ASSET_PATHS = "\"CloneSpotify/Preview Content\"";
				DEVELOPMENT_TEAM = ZWZA259GK8;
				ENABLE_PREVIEWS = YES;
				GENERATE_INFOPLIST_FILE = YES;
				INFOPLIST_FILE = CloneSpotify/Info.plist;
				INFOPLIST_KEY_UIApplicationSceneManifest_Generation = YES;
				INFOPLIST_KEY_UIApplicationSupportsIndirectInputEvents = YES;
				INFOPLIST_KEY_UILaunchScreen_Generation = YES;
				INFOPLIST_KEY_UISupportedInterfaceOrientations_iPad = "UIInterfaceOrientationPortrait UIInterfaceOrientationPortraitUpsideDown UIInterfaceOrientationLandscapeLeft UIInterfaceOrientationLandscapeRight";
				INFOPLIST_KEY_UISupportedInterfaceOrientations_iPhone = "UIInterfaceOrientationPortrait UIInterfaceOrientationLandscapeLeft UIInterfaceOrientationLandscapeRight";
				LD_RUNPATH_SEARCH_PATHS = (
					"$(inherited)",
					"@executable_path/Frameworks",
				);
				MARKETING_VERSION = 1.0;
				PRODUCT_BUNDLE_IDENTIFIER = com.GDGStudy.SwiftUIwithCleanArchitecture.CloneSpotify;
				PRODUCT_NAME = "$(TARGET_NAME)";
				SWIFT_EMIT_LOC_STRINGS = YES;
				SWIFT_VERSION = 5.0;
				TARGETED_DEVICE_FAMILY = "1,2";
			};
			name = Debug;
		};
		4F5EE3332CB4EB24005F8DA2 /* Release */ = {
			isa = XCBuildConfiguration;
			buildSettings = {
				ASSETCATALOG_COMPILER_APPICON_NAME = AppIcon;
				ASSETCATALOG_COMPILER_GLOBAL_ACCENT_COLOR_NAME = AccentColor;
				CODE_SIGN_STYLE = Automatic;
				CURRENT_PROJECT_VERSION = 1;
				DEVELOPMENT_ASSET_PATHS = "\"CloneSpotify/Preview Content\"";
				DEVELOPMENT_TEAM = ZWZA259GK8;
				ENABLE_PREVIEWS = YES;
				GENERATE_INFOPLIST_FILE = YES;
				INFOPLIST_FILE = CloneSpotify/Info.plist;
				INFOPLIST_KEY_UIApplicationSceneManifest_Generation = YES;
				INFOPLIST_KEY_UIApplicationSupportsIndirectInputEvents = YES;
				INFOPLIST_KEY_UILaunchScreen_Generation = YES;
				INFOPLIST_KEY_UISupportedInterfaceOrientations_iPad = "UIInterfaceOrientationPortrait UIInterfaceOrientationPortraitUpsideDown UIInterfaceOrientationLandscapeLeft UIInterfaceOrientationLandscapeRight";
				INFOPLIST_KEY_UISupportedInterfaceOrientations_iPhone = "UIInterfaceOrientationPortrait UIInterfaceOrientationLandscapeLeft UIInterfaceOrientationLandscapeRight";
				LD_RUNPATH_SEARCH_PATHS = (
					"$(inherited)",
					"@executable_path/Frameworks",
				);
				MARKETING_VERSION = 1.0;
				PRODUCT_BUNDLE_IDENTIFIER = com.GDGStudy.SwiftUIwithCleanArchitecture.CloneSpotify;
				PRODUCT_NAME = "$(TARGET_NAME)";
				SWIFT_EMIT_LOC_STRINGS = YES;
				SWIFT_VERSION = 5.0;
				TARGETED_DEVICE_FAMILY = "1,2";
			};
			name = Release;
		};
		4F5EE3352CB4EB24005F8DA2 /* Debug */ = {
			isa = XCBuildConfiguration;
			buildSettings = {
				BUNDLE_LOADER = "$(TEST_HOST)";
				CODE_SIGN_STYLE = Automatic;
				CURRENT_PROJECT_VERSION = 1;
				DEVELOPMENT_TEAM = ZWZA259GK8;
				GENERATE_INFOPLIST_FILE = YES;
				IPHONEOS_DEPLOYMENT_TARGET = 18.0;
				MARKETING_VERSION = 1.0;
				PRODUCT_BUNDLE_IDENTIFIER = com.GDGStudy.SwiftUIwithCleanArchitecture.CloneSpotifyTests;
				PRODUCT_NAME = "$(TARGET_NAME)";
				SWIFT_EMIT_LOC_STRINGS = NO;
				SWIFT_VERSION = 5.0;
				TARGETED_DEVICE_FAMILY = "1,2";
				TEST_HOST = "$(BUILT_PRODUCTS_DIR)/CloneSpotify.app/$(BUNDLE_EXECUTABLE_FOLDER_PATH)/CloneSpotify";
			};
			name = Debug;
		};
		4F5EE3362CB4EB24005F8DA2 /* Release */ = {
			isa = XCBuildConfiguration;
			buildSettings = {
				BUNDLE_LOADER = "$(TEST_HOST)";
				CODE_SIGN_STYLE = Automatic;
				CURRENT_PROJECT_VERSION = 1;
				DEVELOPMENT_TEAM = ZWZA259GK8;
				GENERATE_INFOPLIST_FILE = YES;
				IPHONEOS_DEPLOYMENT_TARGET = 18.0;
				MARKETING_VERSION = 1.0;
				PRODUCT_BUNDLE_IDENTIFIER = com.GDGStudy.SwiftUIwithCleanArchitecture.CloneSpotifyTests;
				PRODUCT_NAME = "$(TARGET_NAME)";
				SWIFT_EMIT_LOC_STRINGS = NO;
				SWIFT_VERSION = 5.0;
				TARGETED_DEVICE_FAMILY = "1,2";
				TEST_HOST = "$(BUILT_PRODUCTS_DIR)/CloneSpotify.app/$(BUNDLE_EXECUTABLE_FOLDER_PATH)/CloneSpotify";
			};
			name = Release;
		};
		4F5EE3382CB4EB24005F8DA2 /* Debug */ = {
			isa = XCBuildConfiguration;
			buildSettings = {
				CODE_SIGN_STYLE = Automatic;
				CURRENT_PROJECT_VERSION = 1;
				DEVELOPMENT_TEAM = ZWZA259GK8;
				GENERATE_INFOPLIST_FILE = YES;
				MARKETING_VERSION = 1.0;
				PRODUCT_BUNDLE_IDENTIFIER = com.GDGStudy.SwiftUIwithCleanArchitecture.CloneSpotifyUITests;
				PRODUCT_NAME = "$(TARGET_NAME)";
				SWIFT_EMIT_LOC_STRINGS = NO;
				SWIFT_VERSION = 5.0;
				TARGETED_DEVICE_FAMILY = "1,2";
				TEST_TARGET_NAME = CloneSpotify;
			};
			name = Debug;
		};
		4F5EE3392CB4EB24005F8DA2 /* Release */ = {
			isa = XCBuildConfiguration;
			buildSettings = {
				CODE_SIGN_STYLE = Automatic;
				CURRENT_PROJECT_VERSION = 1;
				DEVELOPMENT_TEAM = ZWZA259GK8;
				GENERATE_INFOPLIST_FILE = YES;
				MARKETING_VERSION = 1.0;
				PRODUCT_BUNDLE_IDENTIFIER = com.GDGStudy.SwiftUIwithCleanArchitecture.CloneSpotifyUITests;
				PRODUCT_NAME = "$(TARGET_NAME)";
				SWIFT_EMIT_LOC_STRINGS = NO;
				SWIFT_VERSION = 5.0;
				TARGETED_DEVICE_FAMILY = "1,2";
				TEST_TARGET_NAME = CloneSpotify;
			};
			name = Release;
		};
/* End XCBuildConfiguration section */

/* Begin XCConfigurationList section */
		4F5EE3082CB4EB22005F8DA2 /* Build configuration list for PBXProject "CloneSpotify" */ = {
			isa = XCConfigurationList;
			buildConfigurations = (
				4F5EE32F2CB4EB24005F8DA2 /* Debug */,
				4F5EE3302CB4EB24005F8DA2 /* Release */,
			);
			defaultConfigurationIsVisible = 0;
			defaultConfigurationName = Release;
		};
		4F5EE3312CB4EB24005F8DA2 /* Build configuration list for PBXNativeTarget "CloneSpotify" */ = {
			isa = XCConfigurationList;
			buildConfigurations = (
				4F5EE3322CB4EB24005F8DA2 /* Debug */,
				4F5EE3332CB4EB24005F8DA2 /* Release */,
			);
			defaultConfigurationIsVisible = 0;
			defaultConfigurationName = Release;
		};
		4F5EE3342CB4EB24005F8DA2 /* Build configuration list for PBXNativeTarget "CloneSpotifyTests" */ = {
			isa = XCConfigurationList;
			buildConfigurations = (
				4F5EE3352CB4EB24005F8DA2 /* Debug */,
				4F5EE3362CB4EB24005F8DA2 /* Release */,
			);
			defaultConfigurationIsVisible = 0;
			defaultConfigurationName = Release;
		};
		4F5EE3372CB4EB24005F8DA2 /* Build configuration list for PBXNativeTarget "CloneSpotifyUITests" */ = {
			isa = XCConfigurationList;
			buildConfigurations = (
				4F5EE3382CB4EB24005F8DA2 /* Debug */,
				4F5EE3392CB4EB24005F8DA2 /* Release */,
			);
			defaultConfigurationIsVisible = 0;
			defaultConfigurationName = Release;
		};
/* End XCConfigurationList section */
	};
	rootObject = 4F5EE3052CB4EB22005F8DA2 /* Project object */;
}
